
Microsoft Visual Studio Solution File, Format Version 12.00
# Visual Studio 2013
VisualStudioVersion = 12.0.31101.0
MinimumVisualStudioVersion = 10.0.40219.1
Project("{2150E333-8FDC-42A3-9474-1A3956D46DE8}") = ".paket", ".paket", "{63297B98-5CED-492C-A5B7-A5B4F73CF142}"
	ProjectSection(SolutionItems) = preProject
		paket.dependencies = paket.dependencies
		paket.lock = paket.lock
	EndProjectSection
EndProject
Project("{2150E333-8FDC-42A3-9474-1A3956D46DE8}") = "docs", "docs", "{A6A6AF7D-D6E3-442D-9B1E-58CC91879BE1}"
EndProject
Project("{2150E333-8FDC-42A3-9474-1A3956D46DE8}") = "tools", "tools", "{83F16175-43B1-4C90-A1EE-8E351C33435D}"
	ProjectSection(SolutionItems) = preProject
		docs\tools\generate.fsx = docs\tools\generate.fsx
		docs\tools\templates\template.cshtml = docs\tools\templates\template.cshtml
	EndProjectSection
EndProject
Project("{2150E333-8FDC-42A3-9474-1A3956D46DE8}") = "content", "content", "{8E6D5255-776D-4B61-85F9-73C37AA1FB9A}"
	ProjectSection(SolutionItems) = preProject
		docs\content\index.fsx = docs\content\index.fsx
	EndProjectSection
EndProject
Project("{2150E333-8FDC-42A3-9474-1A3956D46DE8}") = "project", "project", "{BF60BC93-E09B-4E5F-9D85-95A519479D54}"
	ProjectSection(SolutionItems) = preProject
		build.fsx = build.fsx
		Data.FingerTrees.Perf.fsx = Data.FingerTrees.Perf.fsx
		README.md = README.md
		RELEASE_NOTES.md = RELEASE_NOTES.md
	EndProjectSection
EndProject
Project("{2150E333-8FDC-42A3-9474-1A3956D46DE8}") = "tests", "tests", "{ED8079DD-2B06-4030-9F0F-DC548F98E1C4}"
EndProject
Project("{FAE04EC0-301F-11D3-BF4B-00C04F79EFBC}") = "Wooga.Lambda.Tests", "tests\Wooga.Lambda.Tests\Wooga.Lambda.Tests.csproj", "{A4C35F19-C520-4912-8F3C-DE7E6324E6FE}"
EndProject
Project("{FAE04EC0-301F-11D3-BF4B-00C04F79EFBC}") = "Wooga.Lambda.Parser.Tests", "tests\Wooga.Lambda.Parser.Tests\Wooga.Lambda.Parser.Tests.csproj", "{D651D213-21E5-4225-8E47-B44DF5D502A6}"
EndProject
Project("{FAE04EC0-301F-11D3-BF4B-00C04F79EFBC}") = "Wooga.Lambda", "src\Wooga.Lambda\Wooga.Lambda.csproj", "{03231AC8-DCA3-49E4-89CD-E68BE439C2A4}"
EndProject
Project("{FAE04EC0-301F-11D3-BF4B-00C04F79EFBC}") = "Wooga.Lambda.Network", "src\Wooga.Lambda.Network\Wooga.Lambda.Network.csproj", "{2247283E-0466-40AC-9D05-B8972C8451BF}"
EndProject
Project("{2150E333-8FDC-42A3-9474-1A3956D46DE8}") = "unity3d", "unity3d", "{F610FD27-9335-44F1-A478-AEEF5D6FE036}"
EndProject
Project("{2150E333-8FDC-42A3-9474-1A3956D46DE8}") = "Wooga.Lambda.Unity3D.Source", "Wooga.Lambda.Unity3D.Source", "{B87CF6E6-0B48-4C2E-BE19-DDCDDEDB3393}"
	ProjectSection(SolutionItems) = preProject
		src\Wooga.Lambda.Unity3D.Source\paket.template = src\Wooga.Lambda.Unity3D.Source\paket.template
	EndProjectSection
EndProject
Project("{2150E333-8FDC-42A3-9474-1A3956D46DE8}") = "Wooga.Lambda.Storage.Unity3D.Source", "Wooga.Lambda.Storage.Unity3D.Source", "{75137CDF-FBDA-45E6-835C-4F4F38AE395A}"
	ProjectSection(SolutionItems) = preProject
		src\Wooga.Lambda.FileSystem.Unity3D.Source\paket.template = src\Wooga.Lambda.FileSystem.Unity3D.Source\paket.template
	EndProjectSection
EndProject
Project("{2150E333-8FDC-42A3-9474-1A3956D46DE8}") = "Wooga.Lambda.Logging.Unity3D.Source", "Wooga.Lambda.Logging.Unity3D.Source", "{DD381F18-597A-486B-9D44-CCA1E9FBE6C1}"
	ProjectSection(SolutionItems) = preProject
		src\Wooga.Lambda.Logging.Unity3D.Source\paket.template = src\Wooga.Lambda.Logging.Unity3D.Source\paket.template
	EndProjectSection
EndProject
Project("{2150E333-8FDC-42A3-9474-1A3956D46DE8}") = "Wooga.Lambda.Network.Unity3D.Source", "Wooga.Lambda.Network.Unity3D.Source", "{40C3D7A7-A94A-4925-BA28-6739F0E6F339}"
	ProjectSection(SolutionItems) = preProject
		src\Wooga.Lambda.Network.Unity3D.Source\paket.template = src\Wooga.Lambda.Network.Unity3D.Source\paket.template
	EndProjectSection
EndProject
Project("{FAE04EC0-301F-11D3-BF4B-00C04F79EFBC}") = "Wooga.Lambda.Parser", "src\Wooga.Lambda.Parser\Wooga.Lambda.Parser.csproj", "{DC9FE4FF-8E70-4525-8E2C-3AF0A78683EF}"
EndProject
Project("{FAE04EC0-301F-11D3-BF4B-00C04F79EFBC}") = "Wooga.Lambda.Logging", "src\Wooga.Lambda.Logging\Wooga.Lambda.Logging.csproj", "{A07F2D08-5DB7-44E7-A33B-9BFDC1292272}"
EndProject
Project("{FAE04EC0-301F-11D3-BF4B-00C04F79EFBC}") = "Wooga.Lambda.Storage", "src\Wooga.Lambda.Storage\Wooga.Lambda.Storage.csproj", "{3ABB3A90-7F62-42EC-9068-C2F14FFCBFA7}"
EndProject
Project("{2150E333-8FDC-42A3-9474-1A3956D46DE8}") = "perf", "perf", "{508E3AF0-276C-48E9-9413-637AC451D5C4}"
	ProjectSection(SolutionItems) = preProject
		tests\perf\Data.FingerTrees.Perf.fsx = tests\perf\Data.FingerTrees.Perf.fsx
	EndProjectSection
EndProject
Project("{2150E333-8FDC-42A3-9474-1A3956D46DE8}") = "play", "play", "{D21E4C55-057D-4110-9B47-2E12CDB62FEB}"
	ProjectSection(SolutionItems) = preProject
		tests\play\Data.FingerTrees.Play.fsx = tests\play\Data.FingerTrees.Play.fsx
	EndProjectSection
EndProject
Project("{F2A71F9B-5D33-465A-A702-920D77279786}") = "Performance", "tests\perf\Performance\Performance.fsproj", "{D81F1B5A-A371-454D-8082-8905472CD4A8}"
EndProject
Project("{2150E333-8FDC-42A3-9474-1A3956D46DE8}") = "Solution Items", "Solution Items", "{DAF0B638-BE79-49B4-86F2-CFBF09F9705F}"
	ProjectSection(SolutionItems) = preProject
		Performance1.psess = Performance1.psess
	EndProjectSection
EndProject
Global
	GlobalSection(SolutionConfigurationPlatforms) = preSolution
		Debug|Any CPU = Debug|Any CPU
		Release|Any CPU = Release|Any CPU
	EndGlobalSection
	GlobalSection(ProjectConfigurationPlatforms) = postSolution
		{A4C35F19-C520-4912-8F3C-DE7E6324E6FE}.Debug|Any CPU.ActiveCfg = Debug|Any CPU
		{A4C35F19-C520-4912-8F3C-DE7E6324E6FE}.Debug|Any CPU.Build.0 = Debug|Any CPU
		{A4C35F19-C520-4912-8F3C-DE7E6324E6FE}.Release|Any CPU.ActiveCfg = Release|Any CPU
		{A4C35F19-C520-4912-8F3C-DE7E6324E6FE}.Release|Any CPU.Build.0 = Release|Any CPU
		{D651D213-21E5-4225-8E47-B44DF5D502A6}.Debug|Any CPU.ActiveCfg = Debug|Any CPU
		{D651D213-21E5-4225-8E47-B44DF5D502A6}.Debug|Any CPU.Build.0 = Debug|Any CPU
		{D651D213-21E5-4225-8E47-B44DF5D502A6}.Release|Any CPU.ActiveCfg = Release|Any CPU
		{D651D213-21E5-4225-8E47-B44DF5D502A6}.Release|Any CPU.Build.0 = Release|Any CPU
		{03231AC8-DCA3-49E4-89CD-E68BE439C2A4}.Debug|Any CPU.ActiveCfg = Debug|Any CPU
		{03231AC8-DCA3-49E4-89CD-E68BE439C2A4}.Debug|Any CPU.Build.0 = Debug|Any CPU
		{03231AC8-DCA3-49E4-89CD-E68BE439C2A4}.Release|Any CPU.ActiveCfg = Release|Any CPU
		{03231AC8-DCA3-49E4-89CD-E68BE439C2A4}.Release|Any CPU.Build.0 = Release|Any CPU
		{2247283E-0466-40AC-9D05-B8972C8451BF}.Debug|Any CPU.ActiveCfg = Debug|Any CPU
		{2247283E-0466-40AC-9D05-B8972C8451BF}.Debug|Any CPU.Build.0 = Debug|Any CPU
		{2247283E-0466-40AC-9D05-B8972C8451BF}.Release|Any CPU.ActiveCfg = Release|Any CPU
		{2247283E-0466-40AC-9D05-B8972C8451BF}.Release|Any CPU.Build.0 = Release|Any CPU
		{DC9FE4FF-8E70-4525-8E2C-3AF0A78683EF}.Debug|Any CPU.ActiveCfg = Debug|Any CPU
		{DC9FE4FF-8E70-4525-8E2C-3AF0A78683EF}.Debug|Any CPU.Build.0 = Debug|Any CPU
		{DC9FE4FF-8E70-4525-8E2C-3AF0A78683EF}.Release|Any CPU.ActiveCfg = Release|Any CPU
		{DC9FE4FF-8E70-4525-8E2C-3AF0A78683EF}.Release|Any CPU.Build.0 = Release|Any CPU
		{A07F2D08-5DB7-44E7-A33B-9BFDC1292272}.Debug|Any CPU.ActiveCfg = Debug|Any CPU
		{A07F2D08-5DB7-44E7-A33B-9BFDC1292272}.Debug|Any CPU.Build.0 = Debug|Any CPU
		{A07F2D08-5DB7-44E7-A33B-9BFDC1292272}.Release|Any CPU.ActiveCfg = Release|Any CPU
		{A07F2D08-5DB7-44E7-A33B-9BFDC1292272}.Release|Any CPU.Build.0 = Release|Any CPU
		{3ABB3A90-7F62-42EC-9068-C2F14FFCBFA7}.Debug|Any CPU.ActiveCfg = Debug|Any CPU
		{3ABB3A90-7F62-42EC-9068-C2F14FFCBFA7}.Debug|Any CPU.Build.0 = Debug|Any CPU
		{3ABB3A90-7F62-42EC-9068-C2F14FFCBFA7}.Release|Any CPU.ActiveCfg = Release|Any CPU
		{3ABB3A90-7F62-42EC-9068-C2F14FFCBFA7}.Release|Any CPU.Build.0 = Release|Any CPU
		{D81F1B5A-A371-454D-8082-8905472CD4A8}.Debug|Any CPU.ActiveCfg = Debug|Any CPU
		{D81F1B5A-A371-454D-8082-8905472CD4A8}.Debug|Any CPU.Build.0 = Debug|Any CPU
		{D81F1B5A-A371-454D-8082-8905472CD4A8}.Release|Any CPU.ActiveCfg = Release|Any CPU
		{D81F1B5A-A371-454D-8082-8905472CD4A8}.Release|Any CPU.Build.0 = Release|Any CPU
	EndGlobalSection
	GlobalSection(SolutionProperties) = preSolution
		HideSolutionNode = FALSE
	EndGlobalSection
	GlobalSection(NestedProjects) = preSolution
		{83F16175-43B1-4C90-A1EE-8E351C33435D} = {A6A6AF7D-D6E3-442D-9B1E-58CC91879BE1}
		{8E6D5255-776D-4B61-85F9-73C37AA1FB9A} = {A6A6AF7D-D6E3-442D-9B1E-58CC91879BE1}
		{A4C35F19-C520-4912-8F3C-DE7E6324E6FE} = {ED8079DD-2B06-4030-9F0F-DC548F98E1C4}
		{D651D213-21E5-4225-8E47-B44DF5D502A6} = {ED8079DD-2B06-4030-9F0F-DC548F98E1C4}
		{B87CF6E6-0B48-4C2E-BE19-DDCDDEDB3393} = {F610FD27-9335-44F1-A478-AEEF5D6FE036}
		{75137CDF-FBDA-45E6-835C-4F4F38AE395A} = {F610FD27-9335-44F1-A478-AEEF5D6FE036}
		{DD381F18-597A-486B-9D44-CCA1E9FBE6C1} = {F610FD27-9335-44F1-A478-AEEF5D6FE036}
		{40C3D7A7-A94A-4925-BA28-6739F0E6F339} = {F610FD27-9335-44F1-A478-AEEF5D6FE036}
		{508E3AF0-276C-48E9-9413-637AC451D5C4} = {ED8079DD-2B06-4030-9F0F-DC548F98E1C4}
		{D21E4C55-057D-4110-9B47-2E12CDB62FEB} = {ED8079DD-2B06-4030-9F0F-DC548F98E1C4}
		{D81F1B5A-A371-454D-8082-8905472CD4A8} = {508E3AF0-276C-48E9-9413-637AC451D5C4}
	EndGlobalSection
	GlobalSection(Performance) = preSolution
		HasPerformanceSessions = true
	EndGlobalSection
EndGlobal
